
Microsoft Visual Studio Solution File, Format Version 12.00
# Visual Studio Version 16
VisualStudioVersion = 16.0.30002.166
MinimumVisualStudioVersion = 10.0.40219.1
Project("{FAE04EC0-301F-11D3-BF4B-00C04F79EFBC}") = "ValidationSummaryTest", "ValidationSummaryTest\ValidationSummaryTest.csproj", "{06D5CBBC-8127-4CB1-92DE-3D21B33365CD}"
EndProject
Global
	GlobalSection(SolutionConfigurationPlatforms) = preSolution
		Debug|Any CPU = Debug|Any CPU
		Release|Any CPU = Release|Any CPU
	EndGlobalSection
	GlobalSection(ProjectConfigurationPlatforms) = postSolution
		{06D5CBBC-8127-4CB1-92DE-3D21B33365CD}.Debug|Any CPU.ActiveCfg = Debug|Any CPU
		{06D5CBBC-8127-4CB1-92DE-3D21B33365CD}.Debug|Any CPU.Build.0 = Debug|Any CPU
		{06D5CBBC-8127-4CB1-92DE-3D21B33365CD}.Release|Any CPU.ActiveCfg = Release|Any CPU
		{06D5CBBC-8127-4CB1-92DE-3D21B33365CD}.Release|Any CPU.Build.0 = Release|Any CPU
	EndGlobalSection
	GlobalSection(SolutionProperties) = preSolution
		HideSolutionNode = FALSE
	EndGlobalSection
	GlobalSection(ExtensibilityGlobals) = postSolution
		SolutionGuid = {16733C42-4613-4B82-9C35-2EEEE2305D47}
	EndGlobalSection
EndGlobal
